
Microsoft Visual Studio Solution File, Format Version 12.00
# Visual Studio 15
VisualStudioVersion = 15.0.28010.2036
MinimumVisualStudioVersion = 10.0.40219.1
Project("{FAE04EC0-301F-11D3-BF4B-00C04F79EFBC}") = "EPAM.Task01.1.1. RECTANGLE", "EPAM.Task01.1.1. RECTANGLE\EPAM.Task01.1.1. RECTANGLE.csproj", "{5CB5F380-FCDB-42B6-9276-BB048DCCBAE9}"
EndProject
Project("{FAE04EC0-301F-11D3-BF4B-00C04F79EFBC}") = "EPAM.Task01.1.2. TRIANGLE", "EPAM.Task01.1.2. TRIANGLE\EPAM.Task01.1.2. TRIANGLE.csproj", "{2A0821E7-0663-4CEE-ABF4-183309E4F4D5}"
EndProject
Project("{FAE04EC0-301F-11D3-BF4B-00C04F79EFBC}") = "EPAM.Task01.1.3. ANOTHER TRIANGLE", "EPAM.Task01.1.3. ANOTHER TRIANGLE\EPAM.Task01.1.3. ANOTHER TRIANGLE.csproj", "{80397331-ED2E-4DE7-8D2D-4EF14B20507D}"
EndProject
Project("{FAE04EC0-301F-11D3-BF4B-00C04F79EFBC}") = "EPAM.Task01.1.4. X-MAS TREE", "EPAM.Task01.1.4. X-MAS TREE\EPAM.Task01.1.4. X-MAS TREE.csproj", "{40EA65DD-0ED3-4FFE-A535-E4B8B132CE54}"
EndProject
Project("{FAE04EC0-301F-11D3-BF4B-00C04F79EFBC}") = "EPAM.Task01.1.5. SUM OF NUMBERS", "EPAM.Task01.1.5. SUM OF NUMBERS\EPAM.Task01.1.5. SUM OF NUMBERS.csproj", "{96680779-5941-406C-8DA0-9C6418008895}"
EndProject
Project("{FAE04EC0-301F-11D3-BF4B-00C04F79EFBC}") = "EPAM.Task01.1.6. FONT ADJUSTMENT", "EPAM.Task01.1.6. FONT ADJUSTMENT\EPAM.Task01.1.6. FONT ADJUSTMENT.csproj", "{4DB25F0B-2B42-43F8-B564-FFF3606536C6}"
EndProject
Project("{FAE04EC0-301F-11D3-BF4B-00C04F79EFBC}") = "EPAM.Task01.1.7. ARRAY PROCESSING", "EPAM.Task01.1.7. ARRAY PROCESSING\EPAM.Task01.1.7. ARRAY PROCESSING.csproj", "{CE5F1244-377E-4221-8E7D-A84C14AB5E89}"
EndProject
Project("{FAE04EC0-301F-11D3-BF4B-00C04F79EFBC}") = "EPAM.Task01.1.8. NO POSITIVE", "EPAM.Task01.1.8. NO POSITIVE\EPAM.Task01.1.8. NO POSITIVE.csproj", "{04D96515-302D-4516-B148-894131DC39AB}"
EndProject
Project("{FAE04EC0-301F-11D3-BF4B-00C04F79EFBC}") = "EPAM.Task01.1.9. NON-NEGATIVE SUM", "EPAM.Task01.1.9. NON-NEGATIVE SUM\EPAM.Task01.1.9. NON-NEGATIVE SUM.csproj", "{F0D5BE67-BDD0-45E3-A4A7-9891CFA374AD}"
EndProject
Project("{FAE04EC0-301F-11D3-BF4B-00C04F79EFBC}") = "EPAM.Task01.1.10. 2D ARRAY", "EPAM.Task01.1.10. 2D ARRAY\EPAM.Task01.1.10. 2D ARRAY.csproj", "{430F9835-8457-434E-871B-EDF49882E44A}"
EndProject
Project("{FAE04EC0-301F-11D3-BF4B-00C04F79EFBC}") = "EPAM.TASK01.1.11. AVERAGE STRING LENGTH", "EPAM.TASK01.1.11. AVERAGE STRING LENGTH\EPAM.TASK01.1.11. AVERAGE STRING LENGTH.csproj", "{E3ED5087-5EFF-471F-AD4F-C9D289AD898E}"
EndProject
Project("{FAE04EC0-301F-11D3-BF4B-00C04F79EFBC}") = "EPAM.Task01.1.12. CHAR DOUBLER", "EPAM.Task01.1.12. CHAR DOUBLER\EPAM.Task01.1.12. CHAR DOUBLER.csproj", "{B8C83B2D-45BE-4E50-B859-4361E481783D}"
EndProject
Global
	GlobalSection(SolutionConfigurationPlatforms) = preSolution
		Debug|Any CPU = Debug|Any CPU
		Release|Any CPU = Release|Any CPU
	EndGlobalSection
	GlobalSection(ProjectConfigurationPlatforms) = postSolution
		{5CB5F380-FCDB-42B6-9276-BB048DCCBAE9}.Debug|Any CPU.ActiveCfg = Debug|Any CPU
		{5CB5F380-FCDB-42B6-9276-BB048DCCBAE9}.Debug|Any CPU.Build.0 = Debug|Any CPU
		{5CB5F380-FCDB-42B6-9276-BB048DCCBAE9}.Release|Any CPU.ActiveCfg = Release|Any CPU
		{5CB5F380-FCDB-42B6-9276-BB048DCCBAE9}.Release|Any CPU.Build.0 = Release|Any CPU
		{2A0821E7-0663-4CEE-ABF4-183309E4F4D5}.Debug|Any CPU.ActiveCfg = Debug|Any CPU
		{2A0821E7-0663-4CEE-ABF4-183309E4F4D5}.Debug|Any CPU.Build.0 = Debug|Any CPU
		{2A0821E7-0663-4CEE-ABF4-183309E4F4D5}.Release|Any CPU.ActiveCfg = Release|Any CPU
		{2A0821E7-0663-4CEE-ABF4-183309E4F4D5}.Release|Any CPU.Build.0 = Release|Any CPU
		{80397331-ED2E-4DE7-8D2D-4EF14B20507D}.Debug|Any CPU.ActiveCfg = Debug|Any CPU
		{80397331-ED2E-4DE7-8D2D-4EF14B20507D}.Debug|Any CPU.Build.0 = Debug|Any CPU
		{80397331-ED2E-4DE7-8D2D-4EF14B20507D}.Release|Any CPU.ActiveCfg = Release|Any CPU
		{80397331-ED2E-4DE7-8D2D-4EF14B20507D}.Release|Any CPU.Build.0 = Release|Any CPU
		{40EA65DD-0ED3-4FFE-A535-E4B8B132CE54}.Debug|Any CPU.ActiveCfg = Debug|Any CPU
		{40EA65DD-0ED3-4FFE-A535-E4B8B132CE54}.Debug|Any CPU.Build.0 = Debug|Any CPU
		{40EA65DD-0ED3-4FFE-A535-E4B8B132CE54}.Release|Any CPU.ActiveCfg = Release|Any CPU
		{40EA65DD-0ED3-4FFE-A535-E4B8B132CE54}.Release|Any CPU.Build.0 = Release|Any CPU
		{96680779-5941-406C-8DA0-9C6418008895}.Debug|Any CPU.ActiveCfg = Debug|Any CPU
		{96680779-5941-406C-8DA0-9C6418008895}.Debug|Any CPU.Build.0 = Debug|Any CPU
		{96680779-5941-406C-8DA0-9C6418008895}.Release|Any CPU.ActiveCfg = Release|Any CPU
		{96680779-5941-406C-8DA0-9C6418008895}.Release|Any CPU.Build.0 = Release|Any CPU
		{4DB25F0B-2B42-43F8-B564-FFF3606536C6}.Debug|Any CPU.ActiveCfg = Debug|Any CPU
		{4DB25F0B-2B42-43F8-B564-FFF3606536C6}.Debug|Any CPU.Build.0 = Debug|Any CPU
		{4DB25F0B-2B42-43F8-B564-FFF3606536C6}.Release|Any CPU.ActiveCfg = Release|Any CPU
		{4DB25F0B-2B42-43F8-B564-FFF3606536C6}.Release|Any CPU.Build.0 = Release|Any CPU
		{CE5F1244-377E-4221-8E7D-A84C14AB5E89}.Debug|Any CPU.ActiveCfg = Debug|Any CPU
		{CE5F1244-377E-4221-8E7D-A84C14AB5E89}.Debug|Any CPU.Build.0 = Debug|Any CPU
		{CE5F1244-377E-4221-8E7D-A84C14AB5E89}.Release|Any CPU.ActiveCfg = Release|Any CPU
		{CE5F1244-377E-4221-8E7D-A84C14AB5E89}.Release|Any CPU.Build.0 = Release|Any CPU
		{04D96515-302D-4516-B148-894131DC39AB}.Debug|Any CPU.ActiveCfg = Debug|Any CPU
		{04D96515-302D-4516-B148-894131DC39AB}.Debug|Any CPU.Build.0 = Debug|Any CPU
		{04D96515-302D-4516-B148-894131DC39AB}.Release|Any CPU.ActiveCfg = Release|Any CPU
		{04D96515-302D-4516-B148-894131DC39AB}.Release|Any CPU.Build.0 = Release|Any CPU
		{F0D5BE67-BDD0-45E3-A4A7-9891CFA374AD}.Debug|Any CPU.ActiveCfg = Debug|Any CPU
		{F0D5BE67-BDD0-45E3-A4A7-9891CFA374AD}.Debug|Any CPU.Build.0 = Debug|Any CPU
		{F0D5BE67-BDD0-45E3-A4A7-9891CFA374AD}.Release|Any CPU.ActiveCfg = Release|Any CPU
		{F0D5BE67-BDD0-45E3-A4A7-9891CFA374AD}.Release|Any CPU.Build.0 = Release|Any CPU
		{430F9835-8457-434E-871B-EDF49882E44A}.Debug|Any CPU.ActiveCfg = Debug|Any CPU
		{430F9835-8457-434E-871B-EDF49882E44A}.Debug|Any CPU.Build.0 = Debug|Any CPU
		{430F9835-8457-434E-871B-EDF49882E44A}.Release|Any CPU.ActiveCfg = Release|Any CPU
		{430F9835-8457-434E-871B-EDF49882E44A}.Release|Any CPU.Build.0 = Release|Any CPU
		{E3ED5087-5EFF-471F-AD4F-C9D289AD898E}.Debug|Any CPU.ActiveCfg = Debug|Any CPU
		{E3ED5087-5EFF-471F-AD4F-C9D289AD898E}.Debug|Any CPU.Build.0 = Debug|Any CPU
		{E3ED5087-5EFF-471F-AD4F-C9D289AD898E}.Release|Any CPU.ActiveCfg = Release|Any CPU
		{E3ED5087-5EFF-471F-AD4F-C9D289AD898E}.Release|Any CPU.Build.0 = Release|Any CPU
		{B8C83B2D-45BE-4E50-B859-4361E481783D}.Debug|Any CPU.ActiveCfg = Debug|Any CPU
		{B8C83B2D-45BE-4E50-B859-4361E481783D}.Debug|Any CPU.Build.0 = Debug|Any CPU
		{B8C83B2D-45BE-4E50-B859-4361E481783D}.Release|Any CPU.ActiveCfg = Release|Any CPU
		{B8C83B2D-45BE-4E50-B859-4361E481783D}.Release|Any CPU.Build.0 = Release|Any CPU
	EndGlobalSection
	GlobalSection(SolutionProperties) = preSolution
		HideSolutionNode = FALSE
	EndGlobalSection
	GlobalSection(ExtensibilityGlobals) = postSolution
		SolutionGuid = {4B27DF27-0701-42B7-84AE-5018B7EFC62C}
	EndGlobalSection
EndGlobal
